
Microsoft Visual Studio Solution File, Format Version 12.00
# Visual Studio Version 16
VisualStudioVersion = 16.0.29709.97
MinimumVisualStudioVersion = 10.0.40219.1
Project("{9A19103F-16F7-4668-BE54-9A1E7A4F7556}") = "Vinoteca", "Vinoteca\Vinoteca.csproj", "{75D4DBB3-AC98-4008-BEEF-1964B3688F30}"
EndProject
Project("{9A19103F-16F7-4668-BE54-9A1E7A4F7556}") = "Vinoteca.Core", "Vinoteca.Core\Vinoteca.Core.csproj", "{6FA3D18A-A346-4B40-BB1B-580D45C6DA27}"
EndProject
Project("{9A19103F-16F7-4668-BE54-9A1E7A4F7556}") = "Vinoteca.Data", "Vinoteca.Data\Vinoteca.Data.csproj", "{DD095ECD-3D55-457E-87FC-C6F1CCFDD41C}"
EndProject
Global
	GlobalSection(SolutionConfigurationPlatforms) = preSolution
		Debug|Any CPU = Debug|Any CPU
		Release|Any CPU = Release|Any CPU
	EndGlobalSection
	GlobalSection(ProjectConfigurationPlatforms) = postSolution
		{75D4DBB3-AC98-4008-BEEF-1964B3688F30}.Debug|Any CPU.ActiveCfg = Debug|Any CPU
		{75D4DBB3-AC98-4008-BEEF-1964B3688F30}.Debug|Any CPU.Build.0 = Debug|Any CPU
		{75D4DBB3-AC98-4008-BEEF-1964B3688F30}.Release|Any CPU.ActiveCfg = Release|Any CPU
		{75D4DBB3-AC98-4008-BEEF-1964B3688F30}.Release|Any CPU.Build.0 = Release|Any CPU
		{6FA3D18A-A346-4B40-BB1B-580D45C6DA27}.Debug|Any CPU.ActiveCfg = Debug|Any CPU
		{6FA3D18A-A346-4B40-BB1B-580D45C6DA27}.Debug|Any CPU.Build.0 = Debug|Any CPU
		{6FA3D18A-A346-4B40-BB1B-580D45C6DA27}.Release|Any CPU.ActiveCfg = Release|Any CPU
		{6FA3D18A-A346-4B40-BB1B-580D45C6DA27}.Release|Any CPU.Build.0 = Release|Any CPU
		{DD095ECD-3D55-457E-87FC-C6F1CCFDD41C}.Debug|Any CPU.ActiveCfg = Debug|Any CPU
		{DD095ECD-3D55-457E-87FC-C6F1CCFDD41C}.Debug|Any CPU.Build.0 = Debug|Any CPU
		{DD095ECD-3D55-457E-87FC-C6F1CCFDD41C}.Release|Any CPU.ActiveCfg = Release|Any CPU
		{DD095ECD-3D55-457E-87FC-C6F1CCFDD41C}.Release|Any CPU.Build.0 = Release|Any CPU
	EndGlobalSection
	GlobalSection(SolutionProperties) = preSolution
		HideSolutionNode = FALSE
	EndGlobalSection
	GlobalSection(ExtensibilityGlobals) = postSolution
		SolutionGuid = {3F40F6B0-F9B0-409B-8BE6-7D66AE565960}
	EndGlobalSection
EndGlobal
